{
  "version": 4,
  "terraform_version": "1.6.6",
  "serial": 24,
  "lineage": "4738343b-09d8-4038-1a5e-0e2c00bd7b8a",
  "outputs": {
    "vm_db_parameters": {
      "value": {
        "external_ip": "158.160.8.160",
        "fqdn": "epd8g02g3563oi88m408.auto.internal",
        "instance_name": "netology-develop-platform-db"
      },
      "type": [
        "object",
        {
          "external_ip": "string",
          "fqdn": "string",
          "instance_name": "string"
        }
      ]
    },
    "vm_web_parameters": {
      "value": {
        "external_ip": "158.160.48.252",
        "fqdn": "fhmn4v2qvd9888qicpnr.auto.internal",
        "instance_name": "netology-develop-platform-web"
      },
      "type": [
        "object",
        {
          "external_ip": "string",
          "fqdn": "string",
          "instance_name": "string"
        }
      ]
    }
  },
  "resources": [
    {
      "mode": "data",
      "type": "yandex_compute_image",
      "name": "ubuntu",
      "provider": "provider[\"registry.terraform.io/yandex-cloud/yandex\"]",
      "instances": [
        {
          "schema_version": 0,
          "attributes": {
            "created_at": "2024-02-05T10:56:53Z",
            "description": "ubuntu 20.04 lts",
            "family": "ubuntu-2004-lts",
            "folder_id": "standard-images",
            "id": "fd8bt3r9v1tq5fq7jcna",
            "image_id": "fd8bt3r9v1tq5fq7jcna",
            "labels": {},
            "min_disk_size": 5,
            "name": "ubuntu-20-04-lts-v20240205",
            "os_type": "linux",
            "pooled": true,
            "product_ids": [
              "f2e3i62q5urr59tkh47s"
            ],
            "size": 4,
            "status": "ready"
          },
          "sensitive_attributes": []
        }
      ]
    },
    {
      "mode": "managed",
      "type": "yandex_compute_instance",
      "name": "platform_db",
      "provider": "provider[\"registry.terraform.io/yandex-cloud/yandex\"]",
      "instances": [
        {
          "schema_version": 1,
          "attributes": {
            "allow_recreate": null,
            "allow_stopping_for_update": null,
            "boot_disk": [
              {
                "auto_delete": true,
                "device_name": "epdk013ppa4ihspfm6nt",
                "disk_id": "epdk013ppa4ihspfm6nt",
                "initialize_params": [
                  {
                    "block_size": 4096,
                    "description": "",
                    "image_id": "fd8bt3r9v1tq5fq7jcna",
                    "name": "",
                    "size": 5,
                    "snapshot_id": "",
                    "type": "network-hdd"
                  }
                ],
                "mode": "READ_WRITE"
              }
            ],
            "created_at": "2024-02-13T19:35:51Z",
            "description": "",
            "filesystem": [],
            "folder_id": "b1gbq2c96mt2dkohrqrv",
            "fqdn": "epd8g02g3563oi88m408.auto.internal",
            "gpu_cluster_id": "",
            "hostname": "",
            "id": "epd8g02g3563oi88m408",
            "labels": {},
            "local_disk": [],
            "maintenance_grace_period": "",
            "maintenance_policy": null,
            "metadata": {
              "serial-port-enable": "1",
              "ssh-keys": "ubuntu:ssh-ed25519 AAAAC3NzaC1lZDI1NTE5AAAAIJQuLbaFLBlRBhFV+wEgZ1+AHtpfGdZItmGwvKeBdjIx vish@DevOps"
            },
            "metadata_options": [
              {
                "aws_v1_http_endpoint": 1,
                "aws_v1_http_token": 2,
                "gce_http_endpoint": 1,
                "gce_http_token": 1
              }
            ],
            "name": "netology-develop-platform-db",
            "network_acceleration_type": "standard",
            "network_interface": [
              {
                "dns_record": [],
                "index": 0,
                "ip_address": "192.168.1.23",
                "ipv4": true,
                "ipv6": false,
                "ipv6_address": "",
                "ipv6_dns_record": [],
                "mac_address": "d0:0d:88:00:50:19",
                "nat": true,
                "nat_dns_record": [],
                "nat_ip_address": "158.160.8.160",
                "nat_ip_version": "IPV4",
                "security_group_ids": [],
                "subnet_id": "e2l656420qir50gaogka"
              }
            ],
            "placement_policy": [
              {
                "host_affinity_rules": [],
                "placement_group_id": "",
                "placement_group_partition": 0
              }
            ],
            "platform_id": "standard-v1",
            "resources": [
              {
                "core_fraction": 20,
                "cores": 2,
                "gpus": 0,
                "memory": 2
              }
            ],
            "scheduling_policy": [
              {
                "preemptible": true
              }
            ],
            "secondary_disk": [],
            "service_account_id": "",
            "status": "running",
            "timeouts": null,
            "zone": "ru-central1-b"
          },
          "sensitive_attributes": [],
          "private": "eyJlMmJmYjczMC1lY2FhLTExZTYtOGY4OC0zNDM2M2JjN2M0YzAiOnsiY3JlYXRlIjozMDAwMDAwMDAwMDAsImRlbGV0ZSI6MzAwMDAwMDAwMDAwLCJ1cGRhdGUiOjMwMDAwMDAwMDAwMH0sInNjaGVtYV92ZXJzaW9uIjoiMSJ9",
          "dependencies": [
            "data.yandex_compute_image.ubuntu",
            "yandex_vpc_network.develop",
            "yandex_vpc_subnet.db"
          ]
        }
      ]
    },
    {
      "mode": "managed",
      "type": "yandex_vpc_network",
      "name": "develop",
      "provider": "provider[\"registry.terraform.io/yandex-cloud/yandex\"]",
      "instances": [
        {
          "schema_version": 0,
          "attributes": {
            "created_at": "2024-02-12T18:27:02Z",
            "default_security_group_id": "enpi2f4i2ikoeojhrtdl",
            "description": "",
            "folder_id": "b1gbq2c96mt2dkohrqrv",
            "id": "enp27am78qc18j5mrk44",
            "labels": {},
            "name": "develop",
            "subnet_ids": [
              "e2l656420qir50gaogka",
              "e9bq05ao0k3rp1kkloru"
            ],
            "timeouts": null
          },
          "sensitive_attributes": [],
          "private": "eyJlMmJmYjczMC1lY2FhLTExZTYtOGY4OC0zNDM2M2JjN2M0YzAiOnsiY3JlYXRlIjo2MDAwMDAwMDAwMCwiZGVsZXRlIjo2MDAwMDAwMDAwMCwidXBkYXRlIjo2MDAwMDAwMDAwMH19"
        }
      ]
    },
    {
      "mode": "managed",
      "type": "yandex_vpc_subnet",
      "name": "db",
      "provider": "provider[\"registry.terraform.io/yandex-cloud/yandex\"]",
      "instances": [
        {
          "schema_version": 0,
          "attributes": {
            "created_at": "2024-02-13T19:35:50Z",
            "description": "",
            "dhcp_options": [],
            "folder_id": "b1gbq2c96mt2dkohrqrv",
            "id": "e2l656420qir50gaogka",
            "labels": {},
            "name": "db",
            "network_id": "enp27am78qc18j5mrk44",
            "route_table_id": "",
            "timeouts": null,
            "v4_cidr_blocks": [
              "192.168.1.0/24"
            ],
            "v6_cidr_blocks": [],
            "zone": "ru-central1-b"
          },
          "sensitive_attributes": [],
          "private": "eyJlMmJmYjczMC1lY2FhLTExZTYtOGY4OC0zNDM2M2JjN2M0YzAiOnsiY3JlYXRlIjoxODAwMDAwMDAwMDAsImRlbGV0ZSI6MTgwMDAwMDAwMDAwLCJ1cGRhdGUiOjE4MDAwMDAwMDAwMH19",
          "dependencies": [
            "yandex_vpc_network.develop"
          ]
        }
      ]
    },
    {
      "mode": "managed",
      "type": "yandex_vpc_subnet",
      "name": "develop",
      "provider": "provider[\"registry.terraform.io/yandex-cloud/yandex\"]",
      "instances": [
        {
          "schema_version": 0,
          "attributes": {
            "created_at": "2024-02-12T18:27:05Z",
            "description": "",
            "dhcp_options": [],
            "folder_id": "b1gbq2c96mt2dkohrqrv",
            "id": "e9bq05ao0k3rp1kkloru",
            "labels": {},
            "name": "develop",
            "network_id": "enp27am78qc18j5mrk44",
            "route_table_id": "",
            "timeouts": null,
            "v4_cidr_blocks": [
              "10.0.1.0/24"
            ],
            "v6_cidr_blocks": [],
            "zone": "ru-central1-a"
          },
          "sensitive_attributes": [],
          "private": "eyJlMmJmYjczMC1lY2FhLTExZTYtOGY4OC0zNDM2M2JjN2M0YzAiOnsiY3JlYXRlIjoxODAwMDAwMDAwMDAsImRlbGV0ZSI6MTgwMDAwMDAwMDAwLCJ1cGRhdGUiOjE4MDAwMDAwMDAwMH19",
          "dependencies": [
            "yandex_vpc_network.develop"
          ]
        }
      ]
    }
  ],
  "check_results": null
}
