{
  "version": 4,
  "terraform_version": "1.6.6",
  "serial": 45,
  "lineage": "d41d764e-c9df-8bc7-78bd-f8ccd689888f",
  "outputs": {},
  "resources": [
    {
      "mode": "data",
      "type": "yandex_compute_image",
      "name": "ubuntu-2004-lts",
      "provider": "provider[\"registry.terraform.io/yandex-cloud/yandex\"]",
      "instances": [
        {
          "schema_version": 0,
          "attributes": {
            "created_at": "2024-02-26T10:56:06Z",
            "description": "ubuntu 20.04 lts",
            "family": "ubuntu-2004-lts",
            "folder_id": "standard-images",
            "id": "fd8t849k1aoosejtcicj",
            "image_id": "fd8t849k1aoosejtcicj",
            "labels": {},
            "min_disk_size": 5,
            "name": "ubuntu-20-04-lts-v20240226",
            "os_type": "linux",
            "pooled": true,
            "product_ids": [
              "f2egst6t0tg4l6d159lf"
            ],
            "size": 4,
            "status": "ready"
          },
          "sensitive_attributes": []
        }
      ]
    },
    {
      "mode": "managed",
      "type": "local_file",
      "name": "inventory_cfg",
      "provider": "provider[\"registry.terraform.io/hashicorp/local\"]",
      "instances": [
        {
          "schema_version": 0,
          "attributes": {
            "content": "[webservers]\nnetology-develop-platform-web-1   ansible_host=62.84.127.180netology-develop-platform-web-2   ansible_host=62.84.127.35\n[databases]\nnetology-develop-platform-db-main   ansible_host=51.250.75.141netology-develop-platform-db-replica   ansible_host=62.84.124.3\n[storage]\nstorage   ansible_host=51.250.71.250",
            "content_base64": null,
            "content_base64sha256": "grSFufV+5fTz2WVCdzbSr98ipbTCA2O8KJBCqgQbLWc=",
            "content_base64sha512": "LstiOKnpPanbu8U6lUwJ1tbbNjdM5UwQgU0E+j/B+6iy0ZKfbpzHdSemzZNzC+9BdsKlJuakzkPzkpRrhEkYRA==",
            "content_md5": "675ca8a879901764e292b5d927f2ad55",
            "content_sha1": "857a91eafc1751e2f9899639f289ecb4ecb406c5",
            "content_sha256": "82b485b9f57ee5f4f3d965427736d2afdf22a5b4c20363bc289042aa041b2d67",
            "content_sha512": "2ecb6238a9e93da9dbbbc53a954c09d6d6db36374ce54c10814d04fa3fc1fba8b2d1929f6e9cc77527a6cd93730bef4176c2a526e6a4ce43f392946b84491844",
            "directory_permission": "0777",
            "file_permission": "0777",
            "filename": "/home/vish/Netology/devops-netology/ter-homeworks/ter-homeworks/03/src/inventory",
            "id": "857a91eafc1751e2f9899639f289ecb4ecb406c5",
            "sensitive_content": null,
            "source": null
          },
          "sensitive_attributes": [],
          "dependencies": [
            "data.yandex_compute_image.ubuntu-2004-lts",
            "yandex_compute_disk.storage_1",
            "yandex_compute_instance.db",
            "yandex_compute_instance.storage",
            "yandex_compute_instance.web",
            "yandex_vpc_network.develop",
            "yandex_vpc_security_group.example",
            "yandex_vpc_subnet.develop"
          ]
        }
      ]
    },
    {
      "mode": "managed",
      "type": "null_resource",
      "name": "web_hosts_provision",
      "provider": "provider[\"registry.terraform.io/hashicorp/null\"]",
      "instances": [
        {
          "schema_version": 0,
          "attributes": {
            "id": "1339197213355817356",
            "triggers": {
              "always_run": "2024-02-26T19:59:55Z",
              "playbook_src_hash": "",
              "ssh_public_key": "ubuntu:ssh-ed25519 AAAAC3NzaC1lZDI1NTE5AAAAIJQuLbaFLBlRBhFV+wEgZ1+AHtpfGdZItmGwvKeBdjIx vish@DevOps\n"
            }
          },
          "sensitive_attributes": [],
          "dependencies": [
            "data.yandex_compute_image.ubuntu-2004-lts",
            "local_file.inventory_cfg",
            "yandex_compute_disk.storage_1",
            "yandex_compute_instance.db",
            "yandex_compute_instance.storage",
            "yandex_compute_instance.web",
            "yandex_vpc_network.develop",
            "yandex_vpc_security_group.example",
            "yandex_vpc_subnet.develop"
          ]
        }
      ]
    },
    {
      "mode": "managed",
      "type": "yandex_compute_disk",
      "name": "storage_1",
      "provider": "provider[\"registry.terraform.io/yandex-cloud/yandex\"]",
      "instances": [
        {
          "index_key": 0,
          "schema_version": 0,
          "attributes": {
            "allow_recreate": null,
            "block_size": 4096,
            "created_at": "2024-02-26T19:26:38Z",
            "description": "",
            "disk_placement_policy": [
              {
                "disk_placement_group_id": ""
              }
            ],
            "folder_id": "b1gbq2c96mt2dkohrqrv",
            "id": "fhmbmksldng4lfake16n",
            "image_id": "",
            "labels": {},
            "name": "disk-1",
            "product_ids": [],
            "size": 1,
            "snapshot_id": "",
            "status": "ready",
            "timeouts": null,
            "type": "network-hdd",
            "zone": "ru-central1-a"
          },
          "sensitive_attributes": [],
          "private": "eyJlMmJmYjczMC1lY2FhLTExZTYtOGY4OC0zNDM2M2JjN2M0YzAiOnsiY3JlYXRlIjozMDAwMDAwMDAwMDAsImRlbGV0ZSI6MzAwMDAwMDAwMDAwLCJ1cGRhdGUiOjMwMDAwMDAwMDAwMH19"
        },
        {
          "index_key": 1,
          "schema_version": 0,
          "attributes": {
            "allow_recreate": null,
            "block_size": 4096,
            "created_at": "2024-02-26T19:26:38Z",
            "description": "",
            "disk_placement_policy": [
              {
                "disk_placement_group_id": ""
              }
            ],
            "folder_id": "b1gbq2c96mt2dkohrqrv",
            "id": "fhm3ghvv3ohtsf6oq7f0",
            "image_id": "",
            "labels": {},
            "name": "disk-2",
            "product_ids": [],
            "size": 1,
            "snapshot_id": "",
            "status": "ready",
            "timeouts": null,
            "type": "network-hdd",
            "zone": "ru-central1-a"
          },
          "sensitive_attributes": [],
          "private": "eyJlMmJmYjczMC1lY2FhLTExZTYtOGY4OC0zNDM2M2JjN2M0YzAiOnsiY3JlYXRlIjozMDAwMDAwMDAwMDAsImRlbGV0ZSI6MzAwMDAwMDAwMDAwLCJ1cGRhdGUiOjMwMDAwMDAwMDAwMH19"
        },
        {
          "index_key": 2,
          "schema_version": 0,
          "attributes": {
            "allow_recreate": null,
            "block_size": 4096,
            "created_at": "2024-02-26T19:26:38Z",
            "description": "",
            "disk_placement_policy": [
              {
                "disk_placement_group_id": ""
              }
            ],
            "folder_id": "b1gbq2c96mt2dkohrqrv",
            "id": "fhmckh5qfd0gbi212kjf",
            "image_id": "",
            "labels": {},
            "name": "disk-3",
            "product_ids": [],
            "size": 1,
            "snapshot_id": "",
            "status": "ready",
            "timeouts": null,
            "type": "network-hdd",
            "zone": "ru-central1-a"
          },
          "sensitive_attributes": [],
          "private": "eyJlMmJmYjczMC1lY2FhLTExZTYtOGY4OC0zNDM2M2JjN2M0YzAiOnsiY3JlYXRlIjozMDAwMDAwMDAwMDAsImRlbGV0ZSI6MzAwMDAwMDAwMDAwLCJ1cGRhdGUiOjMwMDAwMDAwMDAwMH19"
        }
      ]
    },
    {
      "mode": "managed",
      "type": "yandex_compute_instance",
      "name": "db",
      "provider": "provider[\"registry.terraform.io/yandex-cloud/yandex\"]",
      "instances": [
        {
          "index_key": "0",
          "schema_version": 1,
          "attributes": {
            "allow_recreate": null,
            "allow_stopping_for_update": true,
            "boot_disk": [
              {
                "auto_delete": true,
                "device_name": "fhmhm2j8gqkgrjm757pn",
                "disk_id": "fhmhm2j8gqkgrjm757pn",
                "initialize_params": [
                  {
                    "block_size": 4096,
                    "description": "",
                    "image_id": "fd8t849k1aoosejtcicj",
                    "name": "",
                    "size": 5,
                    "snapshot_id": "",
                    "type": "network-hdd"
                  }
                ],
                "mode": "READ_WRITE"
              }
            ],
            "created_at": "2024-02-26T19:16:32Z",
            "description": "",
            "filesystem": [],
            "folder_id": "b1gbq2c96mt2dkohrqrv",
            "fqdn": "fhm4bo73dvk7i62gicog.auto.internal",
            "gpu_cluster_id": "",
            "hostname": "",
            "id": "fhm4bo73dvk7i62gicog",
            "labels": {},
            "local_disk": [],
            "maintenance_grace_period": "",
            "maintenance_policy": null,
            "metadata": {
              "serial-port-enable": "1",
              "ssh-keys": "ubuntu:ssh-ed25519 AAAAC3NzaC1lZDI1NTE5AAAAIJQuLbaFLBlRBhFV+wEgZ1+AHtpfGdZItmGwvKeBdjIx vish@DevOps\n"
            },
            "metadata_options": [
              {
                "aws_v1_http_endpoint": 1,
                "aws_v1_http_token": 2,
                "gce_http_endpoint": 1,
                "gce_http_token": 1
              }
            ],
            "name": "netology-develop-platform-db-main",
            "network_acceleration_type": "standard",
            "network_interface": [
              {
                "dns_record": [],
                "index": 0,
                "ip_address": "10.0.1.6",
                "ipv4": true,
                "ipv6": false,
                "ipv6_address": "",
                "ipv6_dns_record": [],
                "mac_address": "d0:0d:45:e0:e3:6f",
                "nat": true,
                "nat_dns_record": [],
                "nat_ip_address": "51.250.75.141",
                "nat_ip_version": "IPV4",
                "security_group_ids": [],
                "subnet_id": "e9bqmh5d2f44h9d5auuk"
              }
            ],
            "placement_policy": [
              {
                "host_affinity_rules": [],
                "placement_group_id": "",
                "placement_group_partition": 0
              }
            ],
            "platform_id": "standard-v1",
            "resources": [
              {
                "core_fraction": 5,
                "cores": 2,
                "gpus": 0,
                "memory": 1
              }
            ],
            "scheduling_policy": [
              {
                "preemptible": true
              }
            ],
            "secondary_disk": [],
            "service_account_id": "",
            "status": "running",
            "timeouts": null,
            "zone": "ru-central1-a"
          },
          "sensitive_attributes": [],
          "private": "eyJlMmJmYjczMC1lY2FhLTExZTYtOGY4OC0zNDM2M2JjN2M0YzAiOnsiY3JlYXRlIjozMDAwMDAwMDAwMDAsImRlbGV0ZSI6MzAwMDAwMDAwMDAwLCJ1cGRhdGUiOjMwMDAwMDAwMDAwMH0sInNjaGVtYV92ZXJzaW9uIjoiMSJ9",
          "dependencies": [
            "data.yandex_compute_image.ubuntu-2004-lts",
            "yandex_compute_instance.web",
            "yandex_vpc_network.develop",
            "yandex_vpc_security_group.example",
            "yandex_vpc_subnet.develop"
          ]
        },
        {
          "index_key": "1",
          "schema_version": 1,
          "attributes": {
            "allow_recreate": null,
            "allow_stopping_for_update": true,
            "boot_disk": [
              {
                "auto_delete": true,
                "device_name": "fhmjgg8fe1532pvfo6nj",
                "disk_id": "fhmjgg8fe1532pvfo6nj",
                "initialize_params": [
                  {
                    "block_size": 4096,
                    "description": "",
                    "image_id": "fd8t849k1aoosejtcicj",
                    "name": "",
                    "size": 10,
                    "snapshot_id": "",
                    "type": "network-hdd"
                  }
                ],
                "mode": "READ_WRITE"
              }
            ],
            "created_at": "2024-02-26T19:16:32Z",
            "description": "",
            "filesystem": [],
            "folder_id": "b1gbq2c96mt2dkohrqrv",
            "fqdn": "fhmntcp5rp4t6gnvn0eg.auto.internal",
            "gpu_cluster_id": "",
            "hostname": "",
            "id": "fhmntcp5rp4t6gnvn0eg",
            "labels": {},
            "local_disk": [],
            "maintenance_grace_period": "",
            "maintenance_policy": null,
            "metadata": {
              "serial-port-enable": "1",
              "ssh-keys": "ubuntu:ssh-ed25519 AAAAC3NzaC1lZDI1NTE5AAAAIJQuLbaFLBlRBhFV+wEgZ1+AHtpfGdZItmGwvKeBdjIx vish@DevOps\n"
            },
            "metadata_options": [
              {
                "aws_v1_http_endpoint": 1,
                "aws_v1_http_token": 2,
                "gce_http_endpoint": 1,
                "gce_http_token": 1
              }
            ],
            "name": "netology-develop-platform-db-replica",
            "network_acceleration_type": "standard",
            "network_interface": [
              {
                "dns_record": [],
                "index": 0,
                "ip_address": "10.0.1.5",
                "ipv4": true,
                "ipv6": false,
                "ipv6_address": "",
                "ipv6_dns_record": [],
                "mac_address": "d0:0d:17:eb:32:5d",
                "nat": true,
                "nat_dns_record": [],
                "nat_ip_address": "62.84.124.3",
                "nat_ip_version": "IPV4",
                "security_group_ids": [],
                "subnet_id": "e9bqmh5d2f44h9d5auuk"
              }
            ],
            "placement_policy": [
              {
                "host_affinity_rules": [],
                "placement_group_id": "",
                "placement_group_partition": 0
              }
            ],
            "platform_id": "standard-v1",
            "resources": [
              {
                "core_fraction": 20,
                "cores": 4,
                "gpus": 0,
                "memory": 2
              }
            ],
            "scheduling_policy": [
              {
                "preemptible": true
              }
            ],
            "secondary_disk": [],
            "service_account_id": "",
            "status": "running",
            "timeouts": null,
            "zone": "ru-central1-a"
          },
          "sensitive_attributes": [],
          "private": "eyJlMmJmYjczMC1lY2FhLTExZTYtOGY4OC0zNDM2M2JjN2M0YzAiOnsiY3JlYXRlIjozMDAwMDAwMDAwMDAsImRlbGV0ZSI6MzAwMDAwMDAwMDAwLCJ1cGRhdGUiOjMwMDAwMDAwMDAwMH0sInNjaGVtYV92ZXJzaW9uIjoiMSJ9",
          "dependencies": [
            "data.yandex_compute_image.ubuntu-2004-lts",
            "yandex_compute_instance.web",
            "yandex_vpc_network.develop",
            "yandex_vpc_security_group.example",
            "yandex_vpc_subnet.develop"
          ]
        }
      ]
    },
    {
      "mode": "managed",
      "type": "yandex_compute_instance",
      "name": "storage",
      "provider": "provider[\"registry.terraform.io/yandex-cloud/yandex\"]",
      "instances": [
        {
          "schema_version": 1,
          "attributes": {
            "allow_recreate": null,
            "allow_stopping_for_update": null,
            "boot_disk": [
              {
                "auto_delete": true,
                "device_name": "fhm7h599ii8dbdiu3he7",
                "disk_id": "fhm7h599ii8dbdiu3he7",
                "initialize_params": [
                  {
                    "block_size": 4096,
                    "description": "",
                    "image_id": "fd8t849k1aoosejtcicj",
                    "name": "",
                    "size": 5,
                    "snapshot_id": "",
                    "type": "network-hdd"
                  }
                ],
                "mode": "READ_WRITE"
              }
            ],
            "created_at": "2024-02-26T19:26:47Z",
            "description": "",
            "filesystem": [],
            "folder_id": "b1gbq2c96mt2dkohrqrv",
            "fqdn": "fhmn0bako6ss7d76vpmf.auto.internal",
            "gpu_cluster_id": "",
            "hostname": "",
            "id": "fhmn0bako6ss7d76vpmf",
            "labels": {},
            "local_disk": [],
            "maintenance_grace_period": "",
            "maintenance_policy": null,
            "metadata": {
              "serial-port-enable": "1",
              "ssh-keys": "ubuntu:ssh-ed25519 AAAAC3NzaC1lZDI1NTE5AAAAIJQuLbaFLBlRBhFV+wEgZ1+AHtpfGdZItmGwvKeBdjIx vish@DevOps\n"
            },
            "metadata_options": [
              {
                "aws_v1_http_endpoint": 1,
                "aws_v1_http_token": 2,
                "gce_http_endpoint": 1,
                "gce_http_token": 1
              }
            ],
            "name": "storage",
            "network_acceleration_type": "standard",
            "network_interface": [
              {
                "dns_record": [],
                "index": 0,
                "ip_address": "10.0.1.20",
                "ipv4": true,
                "ipv6": false,
                "ipv6_address": "",
                "ipv6_dns_record": [],
                "mac_address": "d0:0d:17:02:d5:4c",
                "nat": true,
                "nat_dns_record": [],
                "nat_ip_address": "51.250.71.250",
                "nat_ip_version": "IPV4",
                "security_group_ids": [],
                "subnet_id": "e9bqmh5d2f44h9d5auuk"
              }
            ],
            "placement_policy": [
              {
                "host_affinity_rules": [],
                "placement_group_id": "",
                "placement_group_partition": 0
              }
            ],
            "platform_id": "standard-v1",
            "resources": [
              {
                "core_fraction": 5,
                "cores": 2,
                "gpus": 0,
                "memory": 1
              }
            ],
            "scheduling_policy": [
              {
                "preemptible": false
              }
            ],
            "secondary_disk": [
              {
                "auto_delete": false,
                "device_name": "fhmbmksldng4lfake16n",
                "disk_id": "fhmbmksldng4lfake16n",
                "mode": "READ_WRITE"
              },
              {
                "auto_delete": false,
                "device_name": "fhm3ghvv3ohtsf6oq7f0",
                "disk_id": "fhm3ghvv3ohtsf6oq7f0",
                "mode": "READ_WRITE"
              },
              {
                "auto_delete": false,
                "device_name": "fhmckh5qfd0gbi212kjf",
                "disk_id": "fhmckh5qfd0gbi212kjf",
                "mode": "READ_WRITE"
              }
            ],
            "service_account_id": "",
            "status": "running",
            "timeouts": null,
            "zone": "ru-central1-a"
          },
          "sensitive_attributes": [],
          "private": "eyJlMmJmYjczMC1lY2FhLTExZTYtOGY4OC0zNDM2M2JjN2M0YzAiOnsiY3JlYXRlIjozMDAwMDAwMDAwMDAsImRlbGV0ZSI6MzAwMDAwMDAwMDAwLCJ1cGRhdGUiOjMwMDAwMDAwMDAwMH0sInNjaGVtYV92ZXJzaW9uIjoiMSJ9",
          "dependencies": [
            "data.yandex_compute_image.ubuntu-2004-lts",
            "yandex_compute_disk.storage_1",
            "yandex_vpc_network.develop",
            "yandex_vpc_subnet.develop"
          ]
        }
      ]
    },
    {
      "mode": "managed",
      "type": "yandex_compute_instance",
      "name": "web",
      "provider": "provider[\"registry.terraform.io/yandex-cloud/yandex\"]",
      "instances": [
        {
          "index_key": 0,
          "schema_version": 1,
          "attributes": {
            "allow_recreate": null,
            "allow_stopping_for_update": true,
            "boot_disk": [
              {
                "auto_delete": true,
                "device_name": "fhmcm0t3gitiviik6og6",
                "disk_id": "fhmcm0t3gitiviik6og6",
                "initialize_params": [
                  {
                    "block_size": 4096,
                    "description": "",
                    "image_id": "fd8t849k1aoosejtcicj",
                    "name": "",
                    "size": 5,
                    "snapshot_id": "",
                    "type": "network-hdd"
                  }
                ],
                "mode": "READ_WRITE"
              }
            ],
            "created_at": "2024-02-26T19:15:55Z",
            "description": "",
            "filesystem": [],
            "folder_id": "b1gbq2c96mt2dkohrqrv",
            "fqdn": "fhme1f4l5se5gq7tvcu9.auto.internal",
            "gpu_cluster_id": "",
            "hostname": "",
            "id": "fhme1f4l5se5gq7tvcu9",
            "labels": {},
            "local_disk": [],
            "maintenance_grace_period": "",
            "maintenance_policy": null,
            "metadata": {
              "ssh-keys": "ubuntu:ssh-ed25519 AAAAC3NzaC1lZDI1NTE5AAAAIJQuLbaFLBlRBhFV+wEgZ1+AHtpfGdZItmGwvKeBdjIx vish@DevOps"
            },
            "metadata_options": [
              {
                "aws_v1_http_endpoint": 1,
                "aws_v1_http_token": 2,
                "gce_http_endpoint": 1,
                "gce_http_token": 1
              }
            ],
            "name": "netology-develop-platform-web-1",
            "network_acceleration_type": "standard",
            "network_interface": [
              {
                "dns_record": [],
                "index": 0,
                "ip_address": "10.0.1.32",
                "ipv4": true,
                "ipv6": false,
                "ipv6_address": "",
                "ipv6_dns_record": [],
                "mac_address": "d0:0d:e0:bc:95:2f",
                "nat": true,
                "nat_dns_record": [],
                "nat_ip_address": "62.84.127.180",
                "nat_ip_version": "IPV4",
                "security_group_ids": [
                  "enp79386llf04ijiks7e"
                ],
                "subnet_id": "e9bqmh5d2f44h9d5auuk"
              }
            ],
            "placement_policy": [
              {
                "host_affinity_rules": [],
                "placement_group_id": "",
                "placement_group_partition": 0
              }
            ],
            "platform_id": "standard-v1",
            "resources": [
              {
                "core_fraction": 20,
                "cores": 2,
                "gpus": 0,
                "memory": 1
              }
            ],
            "scheduling_policy": [
              {
                "preemptible": true
              }
            ],
            "secondary_disk": [],
            "service_account_id": "",
            "status": "running",
            "timeouts": null,
            "zone": "ru-central1-a"
          },
          "sensitive_attributes": [],
          "private": "eyJlMmJmYjczMC1lY2FhLTExZTYtOGY4OC0zNDM2M2JjN2M0YzAiOnsiY3JlYXRlIjozMDAwMDAwMDAwMDAsImRlbGV0ZSI6MzAwMDAwMDAwMDAwLCJ1cGRhdGUiOjMwMDAwMDAwMDAwMH0sInNjaGVtYV92ZXJzaW9uIjoiMSJ9",
          "dependencies": [
            "data.yandex_compute_image.ubuntu-2004-lts",
            "yandex_vpc_network.develop",
            "yandex_vpc_security_group.example",
            "yandex_vpc_subnet.develop"
          ]
        },
        {
          "index_key": 1,
          "schema_version": 1,
          "attributes": {
            "allow_recreate": null,
            "allow_stopping_for_update": true,
            "boot_disk": [
              {
                "auto_delete": true,
                "device_name": "fhmq0ch6rh1tsik93idp",
                "disk_id": "fhmq0ch6rh1tsik93idp",
                "initialize_params": [
                  {
                    "block_size": 4096,
                    "description": "",
                    "image_id": "fd8t849k1aoosejtcicj",
                    "name": "",
                    "size": 5,
                    "snapshot_id": "",
                    "type": "network-hdd"
                  }
                ],
                "mode": "READ_WRITE"
              }
            ],
            "created_at": "2024-02-26T19:15:55Z",
            "description": "",
            "filesystem": [],
            "folder_id": "b1gbq2c96mt2dkohrqrv",
            "fqdn": "fhmoaf21adomh6l7cf7r.auto.internal",
            "gpu_cluster_id": "",
            "hostname": "",
            "id": "fhmoaf21adomh6l7cf7r",
            "labels": {},
            "local_disk": [],
            "maintenance_grace_period": "",
            "maintenance_policy": null,
            "metadata": {
              "ssh-keys": "ubuntu:ssh-ed25519 AAAAC3NzaC1lZDI1NTE5AAAAIJQuLbaFLBlRBhFV+wEgZ1+AHtpfGdZItmGwvKeBdjIx vish@DevOps"
            },
            "metadata_options": [
              {
                "aws_v1_http_endpoint": 1,
                "aws_v1_http_token": 2,
                "gce_http_endpoint": 1,
                "gce_http_token": 1
              }
            ],
            "name": "netology-develop-platform-web-2",
            "network_acceleration_type": "standard",
            "network_interface": [
              {
                "dns_record": [],
                "index": 0,
                "ip_address": "10.0.1.9",
                "ipv4": true,
                "ipv6": false,
                "ipv6_address": "",
                "ipv6_dns_record": [],
                "mac_address": "d0:0d:18:53:c4:15",
                "nat": true,
                "nat_dns_record": [],
                "nat_ip_address": "62.84.127.35",
                "nat_ip_version": "IPV4",
                "security_group_ids": [
                  "enp79386llf04ijiks7e"
                ],
                "subnet_id": "e9bqmh5d2f44h9d5auuk"
              }
            ],
            "placement_policy": [
              {
                "host_affinity_rules": [],
                "placement_group_id": "",
                "placement_group_partition": 0
              }
            ],
            "platform_id": "standard-v1",
            "resources": [
              {
                "core_fraction": 20,
                "cores": 2,
                "gpus": 0,
                "memory": 1
              }
            ],
            "scheduling_policy": [
              {
                "preemptible": true
              }
            ],
            "secondary_disk": [],
            "service_account_id": "",
            "status": "running",
            "timeouts": null,
            "zone": "ru-central1-a"
          },
          "sensitive_attributes": [],
          "private": "eyJlMmJmYjczMC1lY2FhLTExZTYtOGY4OC0zNDM2M2JjN2M0YzAiOnsiY3JlYXRlIjozMDAwMDAwMDAwMDAsImRlbGV0ZSI6MzAwMDAwMDAwMDAwLCJ1cGRhdGUiOjMwMDAwMDAwMDAwMH0sInNjaGVtYV92ZXJzaW9uIjoiMSJ9",
          "dependencies": [
            "data.yandex_compute_image.ubuntu-2004-lts",
            "yandex_vpc_network.develop",
            "yandex_vpc_security_group.example",
            "yandex_vpc_subnet.develop"
          ]
        }
      ]
    },
    {
      "mode": "managed",
      "type": "yandex_vpc_network",
      "name": "develop",
      "provider": "provider[\"registry.terraform.io/yandex-cloud/yandex\"]",
      "instances": [
        {
          "schema_version": 0,
          "attributes": {
            "created_at": "2024-02-26T19:07:31Z",
            "default_security_group_id": "enpjv9tj14js4un09oaf",
            "description": "",
            "folder_id": "b1gbq2c96mt2dkohrqrv",
            "id": "enpk2mk2vjjut071r0s8",
            "labels": {},
            "name": "develop",
            "subnet_ids": [
              "e9bqmh5d2f44h9d5auuk"
            ],
            "timeouts": null
          },
          "sensitive_attributes": [],
          "private": "eyJlMmJmYjczMC1lY2FhLTExZTYtOGY4OC0zNDM2M2JjN2M0YzAiOnsiY3JlYXRlIjo2MDAwMDAwMDAwMCwiZGVsZXRlIjo2MDAwMDAwMDAwMCwidXBkYXRlIjo2MDAwMDAwMDAwMH19"
        }
      ]
    },
    {
      "mode": "managed",
      "type": "yandex_vpc_security_group",
      "name": "example",
      "provider": "provider[\"registry.terraform.io/yandex-cloud/yandex\"]",
      "instances": [
        {
          "schema_version": 0,
          "attributes": {
            "created_at": "2024-02-26T19:07:35Z",
            "description": "",
            "egress": [
              {
                "description": "разрешить весь исходящий трафик",
                "from_port": 0,
                "id": "enpfqcbfl4oq08g87mmn",
                "labels": {},
                "port": -1,
                "predefined_target": "",
                "protocol": "TCP",
                "security_group_id": "",
                "to_port": 65365,
                "v4_cidr_blocks": [
                  "0.0.0.0/0"
                ],
                "v6_cidr_blocks": []
              }
            ],
            "folder_id": "b1gbq2c96mt2dkohrqrv",
            "id": "enp79386llf04ijiks7e",
            "ingress": [
              {
                "description": "разрешить входящий  http",
                "from_port": -1,
                "id": "enpuir25k8bgfq9a3lta",
                "labels": {},
                "port": 80,
                "predefined_target": "",
                "protocol": "TCP",
                "security_group_id": "",
                "to_port": -1,
                "v4_cidr_blocks": [
                  "0.0.0.0/0"
                ],
                "v6_cidr_blocks": []
              },
              {
                "description": "разрешить входящий https",
                "from_port": -1,
                "id": "enpdd8308nv7heq3q4pc",
                "labels": {},
                "port": 443,
                "predefined_target": "",
                "protocol": "TCP",
                "security_group_id": "",
                "to_port": -1,
                "v4_cidr_blocks": [
                  "0.0.0.0/0"
                ],
                "v6_cidr_blocks": []
              },
              {
                "description": "разрешить входящий ssh",
                "from_port": -1,
                "id": "enplg85jpe2qdjm5tnc8",
                "labels": {},
                "port": 22,
                "predefined_target": "",
                "protocol": "TCP",
                "security_group_id": "",
                "to_port": -1,
                "v4_cidr_blocks": [
                  "0.0.0.0/0"
                ],
                "v6_cidr_blocks": []
              }
            ],
            "labels": {},
            "name": "example_dynamic",
            "network_id": "enpk2mk2vjjut071r0s8",
            "status": "ACTIVE",
            "timeouts": null
          },
          "sensitive_attributes": [],
          "private": "eyJlMmJmYjczMC1lY2FhLTExZTYtOGY4OC0zNDM2M2JjN2M0YzAiOnsiY3JlYXRlIjoxODAwMDAwMDAwMDAsImRlbGV0ZSI6MTgwMDAwMDAwMDAwLCJ1cGRhdGUiOjE4MDAwMDAwMDAwMH19",
          "dependencies": [
            "yandex_vpc_network.develop"
          ]
        }
      ]
    },
    {
      "mode": "managed",
      "type": "yandex_vpc_subnet",
      "name": "develop",
      "provider": "provider[\"registry.terraform.io/yandex-cloud/yandex\"]",
      "instances": [
        {
          "schema_version": 0,
          "attributes": {
            "created_at": "2024-02-26T19:07:33Z",
            "description": "",
            "dhcp_options": [],
            "folder_id": "b1gbq2c96mt2dkohrqrv",
            "id": "e9bqmh5d2f44h9d5auuk",
            "labels": {},
            "name": "develop",
            "network_id": "enpk2mk2vjjut071r0s8",
            "route_table_id": "",
            "timeouts": null,
            "v4_cidr_blocks": [
              "10.0.1.0/24"
            ],
            "v6_cidr_blocks": [],
            "zone": "ru-central1-a"
          },
          "sensitive_attributes": [],
          "private": "eyJlMmJmYjczMC1lY2FhLTExZTYtOGY4OC0zNDM2M2JjN2M0YzAiOnsiY3JlYXRlIjoxODAwMDAwMDAwMDAsImRlbGV0ZSI6MTgwMDAwMDAwMDAwLCJ1cGRhdGUiOjE4MDAwMDAwMDAwMH19",
          "dependencies": [
            "yandex_vpc_network.develop"
          ]
        }
      ]
    }
  ],
  "check_results": null
}
